# This file is autogenerated, do not edit; changes may be undone by the next 'dep ensure'.


[[projects]]
  name = "github.com/apache/thrift"
  packages = ["lib/go/thrift"]
  revision = "b2a4d4ae21c789b689dd162deb819665567f481c"
  version = "0.10.0"

[[projects]]
  branch = "master"
  name = "github.com/beorn7/perks"
  packages = ["quantile"]
  revision = "4c0e84591b9aa9e6dcfdf3e020114cd81f89d5f9"

[[projects]]
  branch = "master"
  name = "github.com/codahale/hdrhistogram"
  packages = ["."]
  revision = "3a0bb77429bd3a61596f5e8a3172445844342120"

[[projects]]
  branch = "master"
  name = "github.com/golang/protobuf"
  packages = ["proto","ptypes/any"]
  revision = "748d386b5c1ea99658fd69fe9f03991ce86a90c1"

[[projects]]
  branch = "master"
  name = "github.com/google/codesearch"
  packages = ["regexp","sparse"]
  revision = "a45d81b686e85d01f2838439deaf72126ccd5a96"

[[projects]]
  branch = "master"
  name = "github.com/grpc-ecosystem/go-grpc-middleware"
  packages = [".","tags","tracing/opentracing","util/metautils"]
  revision = "645b33ed7ba8739747bf2df55d0349d4bba2e7f6"

[[projects]]
  name = "github.com/matttproud/golang_protobuf_extensions"
  packages = ["pbutil"]
  revision = "3247c84500bff8d9fb6d579d800f20b3e091582c"
  version = "v1.0.0"

[[projects]]
  branch = "master"
  name = "github.com/opentracing-contrib/go-stdlib"
  packages = ["nethttp"]
  revision = "48e4d763b2fbcd10e666e6a1742acdf8cc2286ef"

[[projects]]
  name = "github.com/opentracing/opentracing-go"
  packages = [".","ext","log"]
  revision = "1949ddbfd147afd4d964a9f00b24eb291e0e7c38"
  version = "v1.0.2"

[[projects]]
  branch = "master"
  name = "github.com/pebbe/zmq4"
  packages = ["."]
  revision = "651d7b11cd31b16fb4c76741c234e258b6a8039b"

[[projects]]
  name = "github.com/prometheus/client_golang"
  packages = ["prometheus"]
  revision = "c5b7fccd204277076155f10851dad72b76a49317"
  version = "v0.8.0"

[[projects]]
  branch = "master"
  name = "github.com/prometheus/client_model"
  packages = ["go"]
  revision = "6f3806018612930941127f2a7c6c453ba2c527d2"

[[projects]]
  branch = "master"
  name = "github.com/prometheus/common"
  packages = ["expfmt","internal/bitbucket.org/ww/goautoneg","model"]
  revision = "3e6a7635bac6573d43f49f97b47eb9bda195dba8"

[[projects]]
  branch = "master"
  name = "github.com/prometheus/procfs"
  packages = [".","xfs"]
  revision = "e645f4e5aaa8506fc71d6edbc5c4ff02c04c46f2"

[[projects]]
  branch = "master"
  name = "github.com/stapelberg/godebiancontrol"
  packages = ["."]
  revision = "157e2f8a8f43c43000f7f80be2355ba9580bb5e0"

[[projects]]
  name = "github.com/uber/jaeger-client-go"
  packages = [".","config","internal/spanlog","log","rpcmetrics","thrift-gen/agent","thrift-gen/jaeger","thrift-gen/sampling","thrift-gen/zipkincore","utils"]
  revision = "3e3870040def0ebdaf65a003863fa64f5cb26139"
  version = "v2.9.0"

[[projects]]
  name = "github.com/uber/jaeger-lib"
  packages = ["metrics"]
  revision = "575c678b2873b62aaadd0fa5817a2aeb3155dc4d"
  version = "v1.0.0"

[[projects]]
  branch = "master"
  name = "golang.org/x/net"
  packages = ["context","http2","http2/hpack","idna","internal/timeseries","lex/httplex","trace","websocket"]
  revision = "f5079bd7f6f74e23c4d65efa0f4ce14cbd6a3c0f"

[[projects]]
  branch = "master"
  name = "golang.org/x/text"
  packages = ["internal/gen","internal/triegen","internal/ucd","secure/bidirule","transform","unicode/bidi","unicode/cldr","unicode/norm","unicode/rangetable"]
  revision = "3bd178b88a8180be2df394a1fbb81313916f0e7b"

[[projects]]
  branch = "master"
  name = "google.golang.org/genproto"
  packages = ["googleapis/rpc/status"]
  revision = "b0a3dcfcd1a9bd48e63634bd8802960804cf8315"

[[projects]]
  name = "google.golang.org/grpc"
  packages = [".","codes","credentials","grpclb/grpc_lb_v1","grpclog","internal","keepalive","metadata","naming","peer","stats","status","tap","transport"]
  revision = "b8669c35455183da6d5c474ea6e72fbf55183274"
  version = "v1.5.1"

[solve-meta]
  analyzer-name = "dep"
  analyzer-version = 1
  inputs-digest = "169ac3be766144fe4c6122de0fa91aebcd9483dabe4bec1c80f277d0adfbba3d"
  solver-name = "gps-cdcl"
  solver-version = 1
